
Microsoft Visual Studio Solution File, Format Version 12.00
# Visual Studio Version 17
VisualStudioVersion = 17.2.32802.462
MinimumVisualStudioVersion = 10.0.40219.1
Project("{FAE04EC0-301F-11D3-BF4B-00C04F79EFBC}") = "szyfrowanie", "szyfrowanie\szyfrowanie.csproj", "{BDFAF7FC-EBB7-4724-9372-ED55A7B6AD95}"
EndProject
Global
	GlobalSection(SolutionConfigurationPlatforms) = preSolution
		Debug|Any CPU = Debug|Any CPU
		Release|Any CPU = Release|Any CPU
	EndGlobalSection
	GlobalSection(ProjectConfigurationPlatforms) = postSolution
		{BDFAF7FC-EBB7-4724-9372-ED55A7B6AD95}.Debug|Any CPU.ActiveCfg = Debug|Any CPU
		{BDFAF7FC-EBB7-4724-9372-ED55A7B6AD95}.Debug|Any CPU.Build.0 = Debug|Any CPU
		{BDFAF7FC-EBB7-4724-9372-ED55A7B6AD95}.Release|Any CPU.ActiveCfg = Release|Any CPU
		{BDFAF7FC-EBB7-4724-9372-ED55A7B6AD95}.Release|Any CPU.Build.0 = Release|Any CPU
	EndGlobalSection
	GlobalSection(SolutionProperties) = preSolution
		HideSolutionNode = FALSE
	EndGlobalSection
	GlobalSection(ExtensibilityGlobals) = postSolution
		SolutionGuid = {2F12BB1B-162C-4F73-BC4B-B8C58BF3D8A9}
	EndGlobalSection
EndGlobal
